
Microsoft Visual Studio Solution File, Format Version 12.00
# Visual Studio Version 16
VisualStudioVersion = 16.0.31025.194
MinimumVisualStudioVersion = 10.0.40219.1
Project("{9A19103F-16F7-4668-BE54-9A1E7A4F7556}") = "AbstractFactory", "AbstractFactory\AbstractFactory.csproj", "{CCFC0A17-632F-4EA5-A941-B30B43A48170}"
EndProject
Project("{9A19103F-16F7-4668-BE54-9A1E7A4F7556}") = "Adapter", "Adapter\Adapter.csproj", "{A0FA10D4-B2D2-4223-BBC9-A2DEAB5B9A3B}"
EndProject
Project("{9A19103F-16F7-4668-BE54-9A1E7A4F7556}") = "Bridge", "Bridge\Bridge.csproj", "{51300D22-F4F4-40BA-A519-463171013D3F}"
EndProject
Project("{9A19103F-16F7-4668-BE54-9A1E7A4F7556}") = "Builder", "Builder\Builder.csproj", "{82717DCE-4E2B-4B51-86E2-D78E13D27077}"
EndProject
Project("{9A19103F-16F7-4668-BE54-9A1E7A4F7556}") = "ChainOfResponsibility", "ChainOfResponsibility\ChainOfResponsibility.csproj", "{67733695-F175-4E5F-89A3-E5BC39574C05}"
EndProject
Project("{9A19103F-16F7-4668-BE54-9A1E7A4F7556}") = "Command", "Command\Command.csproj", "{653DDB3F-3DE5-4E91-9497-1E6A66C73633}"
EndProject
Project("{9A19103F-16F7-4668-BE54-9A1E7A4F7556}") = "Composite", "Composite\Composite.csproj", "{80AA7156-3962-46AF-B6DB-5D6ED2000609}"
EndProject
Project("{9A19103F-16F7-4668-BE54-9A1E7A4F7556}") = "Decorator", "Decorator\Decorator.csproj", "{AB76F8DC-85C8-4ED0-904F-B10C26D2ECBA}"
EndProject
Global
	GlobalSection(SolutionConfigurationPlatforms) = preSolution
		Debug|Any CPU = Debug|Any CPU
		Release|Any CPU = Release|Any CPU
	EndGlobalSection
	GlobalSection(ProjectConfigurationPlatforms) = postSolution
		{CCFC0A17-632F-4EA5-A941-B30B43A48170}.Debug|Any CPU.ActiveCfg = Debug|Any CPU
		{CCFC0A17-632F-4EA5-A941-B30B43A48170}.Debug|Any CPU.Build.0 = Debug|Any CPU
		{CCFC0A17-632F-4EA5-A941-B30B43A48170}.Release|Any CPU.ActiveCfg = Release|Any CPU
		{CCFC0A17-632F-4EA5-A941-B30B43A48170}.Release|Any CPU.Build.0 = Release|Any CPU
		{A0FA10D4-B2D2-4223-BBC9-A2DEAB5B9A3B}.Debug|Any CPU.ActiveCfg = Debug|Any CPU
		{A0FA10D4-B2D2-4223-BBC9-A2DEAB5B9A3B}.Debug|Any CPU.Build.0 = Debug|Any CPU
		{A0FA10D4-B2D2-4223-BBC9-A2DEAB5B9A3B}.Release|Any CPU.ActiveCfg = Release|Any CPU
		{A0FA10D4-B2D2-4223-BBC9-A2DEAB5B9A3B}.Release|Any CPU.Build.0 = Release|Any CPU
		{51300D22-F4F4-40BA-A519-463171013D3F}.Debug|Any CPU.ActiveCfg = Debug|Any CPU
		{51300D22-F4F4-40BA-A519-463171013D3F}.Debug|Any CPU.Build.0 = Debug|Any CPU
		{51300D22-F4F4-40BA-A519-463171013D3F}.Release|Any CPU.ActiveCfg = Release|Any CPU
		{51300D22-F4F4-40BA-A519-463171013D3F}.Release|Any CPU.Build.0 = Release|Any CPU
		{82717DCE-4E2B-4B51-86E2-D78E13D27077}.Debug|Any CPU.ActiveCfg = Debug|Any CPU
		{82717DCE-4E2B-4B51-86E2-D78E13D27077}.Debug|Any CPU.Build.0 = Debug|Any CPU
		{82717DCE-4E2B-4B51-86E2-D78E13D27077}.Release|Any CPU.ActiveCfg = Release|Any CPU
		{82717DCE-4E2B-4B51-86E2-D78E13D27077}.Release|Any CPU.Build.0 = Release|Any CPU
		{67733695-F175-4E5F-89A3-E5BC39574C05}.Debug|Any CPU.ActiveCfg = Debug|Any CPU
		{67733695-F175-4E5F-89A3-E5BC39574C05}.Debug|Any CPU.Build.0 = Debug|Any CPU
		{67733695-F175-4E5F-89A3-E5BC39574C05}.Release|Any CPU.ActiveCfg = Release|Any CPU
		{67733695-F175-4E5F-89A3-E5BC39574C05}.Release|Any CPU.Build.0 = Release|Any CPU
		{653DDB3F-3DE5-4E91-9497-1E6A66C73633}.Debug|Any CPU.ActiveCfg = Debug|Any CPU
		{653DDB3F-3DE5-4E91-9497-1E6A66C73633}.Debug|Any CPU.Build.0 = Debug|Any CPU
		{653DDB3F-3DE5-4E91-9497-1E6A66C73633}.Release|Any CPU.ActiveCfg = Release|Any CPU
		{653DDB3F-3DE5-4E91-9497-1E6A66C73633}.Release|Any CPU.Build.0 = Release|Any CPU
		{80AA7156-3962-46AF-B6DB-5D6ED2000609}.Debug|Any CPU.ActiveCfg = Debug|Any CPU
		{80AA7156-3962-46AF-B6DB-5D6ED2000609}.Debug|Any CPU.Build.0 = Debug|Any CPU
		{80AA7156-3962-46AF-B6DB-5D6ED2000609}.Release|Any CPU.ActiveCfg = Release|Any CPU
		{80AA7156-3962-46AF-B6DB-5D6ED2000609}.Release|Any CPU.Build.0 = Release|Any CPU
		{AB76F8DC-85C8-4ED0-904F-B10C26D2ECBA}.Debug|Any CPU.ActiveCfg = Debug|Any CPU
		{AB76F8DC-85C8-4ED0-904F-B10C26D2ECBA}.Debug|Any CPU.Build.0 = Debug|Any CPU
		{AB76F8DC-85C8-4ED0-904F-B10C26D2ECBA}.Release|Any CPU.ActiveCfg = Release|Any CPU
		{AB76F8DC-85C8-4ED0-904F-B10C26D2ECBA}.Release|Any CPU.Build.0 = Release|Any CPU
	EndGlobalSection
	GlobalSection(SolutionProperties) = preSolution
		HideSolutionNode = FALSE
	EndGlobalSection
	GlobalSection(ExtensibilityGlobals) = postSolution
		SolutionGuid = {C82AE39F-DD9C-4DAB-87D0-2D9224193106}
	EndGlobalSection
EndGlobal
