
Microsoft Visual Studio Solution File, Format Version 12.00
# Visual Studio Version 16
VisualStudioVersion = 16.0.31025.194
MinimumVisualStudioVersion = 10.0.40219.1
Project("{9A19103F-16F7-4668-BE54-9A1E7A4F7556}") = "AbstractFactory", "AbstractFactory\AbstractFactory.csproj", "{CCFC0A17-632F-4EA5-A941-B30B43A48170}"
EndProject
Project("{9A19103F-16F7-4668-BE54-9A1E7A4F7556}") = "Adapter", "Adapter\Adapter.csproj", "{A0FA10D4-B2D2-4223-BBC9-A2DEAB5B9A3B}"
EndProject
Global
	GlobalSection(SolutionConfigurationPlatforms) = preSolution
		Debug|Any CPU = Debug|Any CPU
		Release|Any CPU = Release|Any CPU
	EndGlobalSection
	GlobalSection(ProjectConfigurationPlatforms) = postSolution
		{CCFC0A17-632F-4EA5-A941-B30B43A48170}.Debug|Any CPU.ActiveCfg = Debug|Any CPU
		{CCFC0A17-632F-4EA5-A941-B30B43A48170}.Debug|Any CPU.Build.0 = Debug|Any CPU
		{CCFC0A17-632F-4EA5-A941-B30B43A48170}.Release|Any CPU.ActiveCfg = Release|Any CPU
		{CCFC0A17-632F-4EA5-A941-B30B43A48170}.Release|Any CPU.Build.0 = Release|Any CPU
		{A0FA10D4-B2D2-4223-BBC9-A2DEAB5B9A3B}.Debug|Any CPU.ActiveCfg = Debug|Any CPU
		{A0FA10D4-B2D2-4223-BBC9-A2DEAB5B9A3B}.Debug|Any CPU.Build.0 = Debug|Any CPU
		{A0FA10D4-B2D2-4223-BBC9-A2DEAB5B9A3B}.Release|Any CPU.ActiveCfg = Release|Any CPU
		{A0FA10D4-B2D2-4223-BBC9-A2DEAB5B9A3B}.Release|Any CPU.Build.0 = Release|Any CPU
	EndGlobalSection
	GlobalSection(SolutionProperties) = preSolution
		HideSolutionNode = FALSE
	EndGlobalSection
	GlobalSection(ExtensibilityGlobals) = postSolution
		SolutionGuid = {C82AE39F-DD9C-4DAB-87D0-2D9224193106}
	EndGlobalSection
EndGlobal
